
Microsoft Visual Studio Solution File, Format Version 12.00
# Visual Studio Version 17
VisualStudioVersion = 17.0.31903.59
MinimumVisualStudioVersion = 10.0.40219.1
Project("{FAE04EC0-301F-11D3-BF4B-00C04F79EFBC}") = "BusinessObject", "BusinessObject\BusinessObject.csproj", "{2553CBE4-2FFB-4BBD-B81A-755E4C791997}"
EndProject
Project("{FAE04EC0-301F-11D3-BF4B-00C04F79EFBC}") = "API", "API\API.csproj", "{5D6B8A70-B861-4256-BCA4-2DBE41717465}"
EndProject
Project("{FAE04EC0-301F-11D3-BF4B-00C04F79EFBC}") = "Repository", "Repository\Repository.csproj", "{F8CBBFA9-148F-4E13-B41E-0D17FADA1026}"
EndProject
Project("{FAE04EC0-301F-11D3-BF4B-00C04F79EFBC}") = "Dao", "Dao\Dao.csproj", "{A6D5E968-1067-4595-803B-C4796C67F389}"
EndProject
Global
	GlobalSection(SolutionConfigurationPlatforms) = preSolution
		Debug|Any CPU = Debug|Any CPU
		Release|Any CPU = Release|Any CPU
	EndGlobalSection
	GlobalSection(SolutionProperties) = preSolution
		HideSolutionNode = FALSE
	EndGlobalSection
	GlobalSection(ProjectConfigurationPlatforms) = postSolution
		{2553CBE4-2FFB-4BBD-B81A-755E4C791997}.Debug|Any CPU.ActiveCfg = Debug|Any CPU
		{2553CBE4-2FFB-4BBD-B81A-755E4C791997}.Debug|Any CPU.Build.0 = Debug|Any CPU
		{2553CBE4-2FFB-4BBD-B81A-755E4C791997}.Release|Any CPU.ActiveCfg = Release|Any CPU
		{2553CBE4-2FFB-4BBD-B81A-755E4C791997}.Release|Any CPU.Build.0 = Release|Any CPU
		{5D6B8A70-B861-4256-BCA4-2DBE41717465}.Debug|Any CPU.ActiveCfg = Debug|Any CPU
		{5D6B8A70-B861-4256-BCA4-2DBE41717465}.Debug|Any CPU.Build.0 = Debug|Any CPU
		{5D6B8A70-B861-4256-BCA4-2DBE41717465}.Release|Any CPU.ActiveCfg = Release|Any CPU
		{5D6B8A70-B861-4256-BCA4-2DBE41717465}.Release|Any CPU.Build.0 = Release|Any CPU
		{F8CBBFA9-148F-4E13-B41E-0D17FADA1026}.Debug|Any CPU.ActiveCfg = Debug|Any CPU
		{F8CBBFA9-148F-4E13-B41E-0D17FADA1026}.Debug|Any CPU.Build.0 = Debug|Any CPU
		{F8CBBFA9-148F-4E13-B41E-0D17FADA1026}.Release|Any CPU.ActiveCfg = Release|Any CPU
		{F8CBBFA9-148F-4E13-B41E-0D17FADA1026}.Release|Any CPU.Build.0 = Release|Any CPU
		{A6D5E968-1067-4595-803B-C4796C67F389}.Debug|Any CPU.ActiveCfg = Debug|Any CPU
		{A6D5E968-1067-4595-803B-C4796C67F389}.Debug|Any CPU.Build.0 = Debug|Any CPU
		{A6D5E968-1067-4595-803B-C4796C67F389}.Release|Any CPU.ActiveCfg = Release|Any CPU
		{A6D5E968-1067-4595-803B-C4796C67F389}.Release|Any CPU.Build.0 = Release|Any CPU
	EndGlobalSection
EndGlobal
