
Microsoft Visual Studio Solution File, Format Version 12.00
# Visual Studio Version 17
VisualStudioVersion = 17.10.35004.147
MinimumVisualStudioVersion = 10.0.40219.1
Project("{FAE04EC0-301F-11D3-BF4B-00C04F79EFBC}") = "DateTimeChecker", "DateTimeChecker\DateTimeChecker.csproj", "{4215369A-7FA6-4701-969E-4AD42199E346}"
EndProject
Project("{FAE04EC0-301F-11D3-BF4B-00C04F79EFBC}") = "DateTimeChecker.Tests", "DateTimeChecker.Tests\DateTimeChecker.Tests.csproj", "{0777EE63-06FE-40B1-B630-BC73A0772066}"
EndProject
Global
	GlobalSection(SolutionConfigurationPlatforms) = preSolution
		Debug|Any CPU = Debug|Any CPU
		Release|Any CPU = Release|Any CPU
	EndGlobalSection
	GlobalSection(ProjectConfigurationPlatforms) = postSolution
		{4215369A-7FA6-4701-969E-4AD42199E346}.Debug|Any CPU.ActiveCfg = Debug|Any CPU
		{4215369A-7FA6-4701-969E-4AD42199E346}.Debug|Any CPU.Build.0 = Debug|Any CPU
		{4215369A-7FA6-4701-969E-4AD42199E346}.Release|Any CPU.ActiveCfg = Release|Any CPU
		{4215369A-7FA6-4701-969E-4AD42199E346}.Release|Any CPU.Build.0 = Release|Any CPU
		{0777EE63-06FE-40B1-B630-BC73A0772066}.Debug|Any CPU.ActiveCfg = Debug|Any CPU
		{0777EE63-06FE-40B1-B630-BC73A0772066}.Debug|Any CPU.Build.0 = Debug|Any CPU
		{0777EE63-06FE-40B1-B630-BC73A0772066}.Release|Any CPU.ActiveCfg = Release|Any CPU
		{0777EE63-06FE-40B1-B630-BC73A0772066}.Release|Any CPU.Build.0 = Release|Any CPU
	EndGlobalSection
	GlobalSection(SolutionProperties) = preSolution
		HideSolutionNode = FALSE
	EndGlobalSection
	GlobalSection(ExtensibilityGlobals) = postSolution
		SolutionGuid = {FFB3BD06-B038-4881-B91B-D76DED58293E}
	EndGlobalSection
EndGlobal
