
Microsoft Visual Studio Solution File, Format Version 12.00
# Visual Studio Version 17
VisualStudioVersion = 17.10.35013.160
MinimumVisualStudioVersion = 10.0.40219.1
Project("{9A19103F-16F7-4668-BE54-9A1E7A4F7556}") = "API", "API\API.csproj", "{3DA98FE3-E78A-47F1-B80B-839487A2FDDD}"
EndProject
Project("{9A19103F-16F7-4668-BE54-9A1E7A4F7556}") = "BusinessObject", "BusinessObject\BusinessObject.csproj", "{519E04FB-1F62-46B9-A9D2-80D0D53A36B4}"
EndProject
Project("{9A19103F-16F7-4668-BE54-9A1E7A4F7556}") = "Web", "Web\Web.csproj", "{50A9C9DC-829F-4950-88F0-DE161B322064}"
EndProject
Project("{9A19103F-16F7-4668-BE54-9A1E7A4F7556}") = "Dao", "Dao\Dao.csproj", "{39BC8F96-3DAA-4CC7-8DA7-E8A3FDC9059F}"
EndProject
Project("{9A19103F-16F7-4668-BE54-9A1E7A4F7556}") = "Repository", "Repository\Repository.csproj", "{3DECFA24-4915-40DE-80D2-355C24096949}"
EndProject
Project("{9A19103F-16F7-4668-BE54-9A1E7A4F7556}") = "Tools", "Tools\Tools.csproj", "{5BA39627-E7BA-4A9C-A272-37D907D85C6F}"
EndProject
Global
	GlobalSection(SolutionConfigurationPlatforms) = preSolution
		Debug|Any CPU = Debug|Any CPU
		Release|Any CPU = Release|Any CPU
	EndGlobalSection
	GlobalSection(ProjectConfigurationPlatforms) = postSolution
		{3DA98FE3-E78A-47F1-B80B-839487A2FDDD}.Debug|Any CPU.ActiveCfg = Debug|Any CPU
		{3DA98FE3-E78A-47F1-B80B-839487A2FDDD}.Debug|Any CPU.Build.0 = Debug|Any CPU
		{3DA98FE3-E78A-47F1-B80B-839487A2FDDD}.Release|Any CPU.ActiveCfg = Release|Any CPU
		{3DA98FE3-E78A-47F1-B80B-839487A2FDDD}.Release|Any CPU.Build.0 = Release|Any CPU
		{519E04FB-1F62-46B9-A9D2-80D0D53A36B4}.Debug|Any CPU.ActiveCfg = Debug|Any CPU
		{519E04FB-1F62-46B9-A9D2-80D0D53A36B4}.Debug|Any CPU.Build.0 = Debug|Any CPU
		{519E04FB-1F62-46B9-A9D2-80D0D53A36B4}.Release|Any CPU.ActiveCfg = Release|Any CPU
		{519E04FB-1F62-46B9-A9D2-80D0D53A36B4}.Release|Any CPU.Build.0 = Release|Any CPU
		{50A9C9DC-829F-4950-88F0-DE161B322064}.Debug|Any CPU.ActiveCfg = Debug|Any CPU
		{50A9C9DC-829F-4950-88F0-DE161B322064}.Debug|Any CPU.Build.0 = Debug|Any CPU
		{50A9C9DC-829F-4950-88F0-DE161B322064}.Release|Any CPU.ActiveCfg = Release|Any CPU
		{50A9C9DC-829F-4950-88F0-DE161B322064}.Release|Any CPU.Build.0 = Release|Any CPU
		{39BC8F96-3DAA-4CC7-8DA7-E8A3FDC9059F}.Debug|Any CPU.ActiveCfg = Debug|Any CPU
		{39BC8F96-3DAA-4CC7-8DA7-E8A3FDC9059F}.Debug|Any CPU.Build.0 = Debug|Any CPU
		{39BC8F96-3DAA-4CC7-8DA7-E8A3FDC9059F}.Release|Any CPU.ActiveCfg = Release|Any CPU
		{39BC8F96-3DAA-4CC7-8DA7-E8A3FDC9059F}.Release|Any CPU.Build.0 = Release|Any CPU
		{3DECFA24-4915-40DE-80D2-355C24096949}.Debug|Any CPU.ActiveCfg = Debug|Any CPU
		{3DECFA24-4915-40DE-80D2-355C24096949}.Debug|Any CPU.Build.0 = Debug|Any CPU
		{3DECFA24-4915-40DE-80D2-355C24096949}.Release|Any CPU.ActiveCfg = Release|Any CPU
		{3DECFA24-4915-40DE-80D2-355C24096949}.Release|Any CPU.Build.0 = Release|Any CPU
		{5BA39627-E7BA-4A9C-A272-37D907D85C6F}.Debug|Any CPU.ActiveCfg = Debug|Any CPU
		{5BA39627-E7BA-4A9C-A272-37D907D85C6F}.Debug|Any CPU.Build.0 = Debug|Any CPU
		{5BA39627-E7BA-4A9C-A272-37D907D85C6F}.Release|Any CPU.ActiveCfg = Release|Any CPU
		{5BA39627-E7BA-4A9C-A272-37D907D85C6F}.Release|Any CPU.Build.0 = Release|Any CPU
	EndGlobalSection
	GlobalSection(SolutionProperties) = preSolution
		HideSolutionNode = FALSE
	EndGlobalSection
	GlobalSection(ExtensibilityGlobals) = postSolution
		SolutionGuid = {1C0EA8A0-52C8-475B-A8C8-B60EFD55D327}
	EndGlobalSection
EndGlobal
