
Microsoft Visual Studio Solution File, Format Version 12.00
# Visual Studio Version 17
VisualStudioVersion = 17.10.34902.84
MinimumVisualStudioVersion = 10.0.40219.1
Project("{9A19103F-16F7-4668-BE54-9A1E7A4F7556}") = "StockManage.API", "StockManage.API\StockManage.API.csproj", "{3382B04E-DD6D-48DC-A14F-9649C894214F}"
EndProject
Project("{9A19103F-16F7-4668-BE54-9A1E7A4F7556}") = "StockManage.Services", "StockManager.Services\StockManage.Services.csproj", "{C5C0FE0E-3199-4103-8CB6-135A3CB4541B}"
EndProject
Project("{9A19103F-16F7-4668-BE54-9A1E7A4F7556}") = "StockManage.Repository", "StockManager.Repository\StockManage.Repository.csproj", "{B6C9F9FC-C5B2-49A6-9745-ADCCF09903FC}"
EndProject
Project("{9A19103F-16F7-4668-BE54-9A1E7A4F7556}") = "StockManager.DAO", "StockManager.DAO\StockManager.DAO.csproj", "{DF0C8746-F8D3-4EA9-BD2A-5906F1A695E8}"
EndProject
Project("{9A19103F-16F7-4668-BE54-9A1E7A4F7556}") = "StockManage.BusinessObjects", "StockManager.BusinessObjects\StockManage.BusinessObjects.csproj", "{D08D27B0-60BA-49E1-A0BE-0103394983A4}"
EndProject
Project("{FAE04EC0-301F-11D3-BF4B-00C04F79EFBC}") = "StockManage.RazorPages", "StockManage.RazorPages\StockManage.RazorPages.csproj", "{6462624A-D91D-4E95-B354-4BEF8C2B33C1}"
EndProject
Global
	GlobalSection(SolutionConfigurationPlatforms) = preSolution
		Debug|Any CPU = Debug|Any CPU
		Release|Any CPU = Release|Any CPU
	EndGlobalSection
	GlobalSection(ProjectConfigurationPlatforms) = postSolution
		{3382B04E-DD6D-48DC-A14F-9649C894214F}.Debug|Any CPU.ActiveCfg = Debug|Any CPU
		{3382B04E-DD6D-48DC-A14F-9649C894214F}.Debug|Any CPU.Build.0 = Debug|Any CPU
		{3382B04E-DD6D-48DC-A14F-9649C894214F}.Release|Any CPU.ActiveCfg = Release|Any CPU
		{3382B04E-DD6D-48DC-A14F-9649C894214F}.Release|Any CPU.Build.0 = Release|Any CPU
		{C5C0FE0E-3199-4103-8CB6-135A3CB4541B}.Debug|Any CPU.ActiveCfg = Debug|Any CPU
		{C5C0FE0E-3199-4103-8CB6-135A3CB4541B}.Debug|Any CPU.Build.0 = Debug|Any CPU
		{C5C0FE0E-3199-4103-8CB6-135A3CB4541B}.Release|Any CPU.ActiveCfg = Release|Any CPU
		{C5C0FE0E-3199-4103-8CB6-135A3CB4541B}.Release|Any CPU.Build.0 = Release|Any CPU
		{B6C9F9FC-C5B2-49A6-9745-ADCCF09903FC}.Debug|Any CPU.ActiveCfg = Debug|Any CPU
		{B6C9F9FC-C5B2-49A6-9745-ADCCF09903FC}.Debug|Any CPU.Build.0 = Debug|Any CPU
		{B6C9F9FC-C5B2-49A6-9745-ADCCF09903FC}.Release|Any CPU.ActiveCfg = Release|Any CPU
		{B6C9F9FC-C5B2-49A6-9745-ADCCF09903FC}.Release|Any CPU.Build.0 = Release|Any CPU
		{DF0C8746-F8D3-4EA9-BD2A-5906F1A695E8}.Debug|Any CPU.ActiveCfg = Debug|Any CPU
		{DF0C8746-F8D3-4EA9-BD2A-5906F1A695E8}.Debug|Any CPU.Build.0 = Debug|Any CPU
		{DF0C8746-F8D3-4EA9-BD2A-5906F1A695E8}.Release|Any CPU.ActiveCfg = Release|Any CPU
		{DF0C8746-F8D3-4EA9-BD2A-5906F1A695E8}.Release|Any CPU.Build.0 = Release|Any CPU
		{D08D27B0-60BA-49E1-A0BE-0103394983A4}.Debug|Any CPU.ActiveCfg = Debug|Any CPU
		{D08D27B0-60BA-49E1-A0BE-0103394983A4}.Debug|Any CPU.Build.0 = Debug|Any CPU
		{D08D27B0-60BA-49E1-A0BE-0103394983A4}.Release|Any CPU.ActiveCfg = Release|Any CPU
		{D08D27B0-60BA-49E1-A0BE-0103394983A4}.Release|Any CPU.Build.0 = Release|Any CPU
		{6462624A-D91D-4E95-B354-4BEF8C2B33C1}.Debug|Any CPU.ActiveCfg = Debug|Any CPU
		{6462624A-D91D-4E95-B354-4BEF8C2B33C1}.Debug|Any CPU.Build.0 = Debug|Any CPU
		{6462624A-D91D-4E95-B354-4BEF8C2B33C1}.Release|Any CPU.ActiveCfg = Release|Any CPU
		{6462624A-D91D-4E95-B354-4BEF8C2B33C1}.Release|Any CPU.Build.0 = Release|Any CPU
	EndGlobalSection
	GlobalSection(SolutionProperties) = preSolution
		HideSolutionNode = FALSE
	EndGlobalSection
	GlobalSection(ExtensibilityGlobals) = postSolution
		SolutionGuid = {D052E126-9AEE-4301-A8B0-AFC0F2E04009}
	EndGlobalSection
EndGlobal
